
Microsoft Visual Studio Solution File, Format Version 12.00
# Visual Studio 2013
VisualStudioVersion = 12.0.21005.1
MinimumVisualStudioVersion = 10.0.40219.1
Project("{FAE04EC0-301F-11D3-BF4B-00C04F79EFBC}") = "WeatherJSONApplication", "WeatherJSONApplication\WeatherJSONApplication.csproj", "{81995558-128F-42AA-99B4-F79C28005197}"
EndProject
Global
	GlobalSection(SolutionConfigurationPlatforms) = preSolution
		Debug|Any CPU = Debug|Any CPU
		Release|Any CPU = Release|Any CPU
	EndGlobalSection
	GlobalSection(ProjectConfigurationPlatforms) = postSolution
		{81995558-128F-42AA-99B4-F79C28005197}.Debug|Any CPU.ActiveCfg = Debug|Any CPU
		{81995558-128F-42AA-99B4-F79C28005197}.Debug|Any CPU.Build.0 = Debug|Any CPU
		{81995558-128F-42AA-99B4-F79C28005197}.Release|Any CPU.ActiveCfg = Release|Any CPU
		{81995558-128F-42AA-99B4-F79C28005197}.Release|Any CPU.Build.0 = Release|Any CPU
	EndGlobalSection
	GlobalSection(SolutionProperties) = preSolution
		HideSolutionNode = FALSE
	EndGlobalSection
EndGlobal
